
Microsoft Visual Studio Solution File, Format Version 12.00
# Visual Studio Version 17
VisualStudioVersion = 17.10.34916.146
MinimumVisualStudioVersion = 10.0.40219.1
Project("{FAE04EC0-301F-11D3-BF4B-00C04F79EFBC}") = "Exercices", "Exercices\Exercices.csproj", "{22D0BE50-716F-45C3-B2C3-04CD93A269D5}"
EndProject
Global
	GlobalSection(SolutionConfigurationPlatforms) = preSolution
		Debug|Any CPU = Debug|Any CPU
		Release|Any CPU = Release|Any CPU
	EndGlobalSection
	GlobalSection(ProjectConfigurationPlatforms) = postSolution
		{22D0BE50-716F-45C3-B2C3-04CD93A269D5}.Debug|Any CPU.ActiveCfg = Debug|Any CPU
		{22D0BE50-716F-45C3-B2C3-04CD93A269D5}.Debug|Any CPU.Build.0 = Debug|Any CPU
		{22D0BE50-716F-45C3-B2C3-04CD93A269D5}.Release|Any CPU.ActiveCfg = Release|Any CPU
		{22D0BE50-716F-45C3-B2C3-04CD93A269D5}.Release|Any CPU.Build.0 = Release|Any CPU
	EndGlobalSection
	GlobalSection(SolutionProperties) = preSolution
		HideSolutionNode = FALSE
	EndGlobalSection
	GlobalSection(ExtensibilityGlobals) = postSolution
		SolutionGuid = {106BB9BC-B20B-42BF-9DFE-261B1990815C}
	EndGlobalSection
EndGlobal
